
Microsoft Visual Studio Solution File, Format Version 12.00
# Visual Studio Version 17
VisualStudioVersion = 17.5.002.0
MinimumVisualStudioVersion = 10.0.40219.1
Project("{9A19103F-16F7-4668-BE54-9A1E7A4F7556}") = "src", "src\src.csproj", "{0EF1F01D-84BC-480E-BC16-9B1B060C9D62}"
EndProject
Global
	GlobalSection(SolutionConfigurationPlatforms) = preSolution
		Debug|Any CPU = Debug|Any CPU
		Release|Any CPU = Release|Any CPU
	EndGlobalSection
	GlobalSection(ProjectConfigurationPlatforms) = postSolution
		{0EF1F01D-84BC-480E-BC16-9B1B060C9D62}.Debug|Any CPU.ActiveCfg = Debug|Any CPU
		{0EF1F01D-84BC-480E-BC16-9B1B060C9D62}.Debug|Any CPU.Build.0 = Debug|Any CPU
		{0EF1F01D-84BC-480E-BC16-9B1B060C9D62}.Release|Any CPU.ActiveCfg = Release|Any CPU
		{0EF1F01D-84BC-480E-BC16-9B1B060C9D62}.Release|Any CPU.Build.0 = Release|Any CPU
	EndGlobalSection
	GlobalSection(SolutionProperties) = preSolution
		HideSolutionNode = FALSE
	EndGlobalSection
	GlobalSection(ExtensibilityGlobals) = postSolution
		SolutionGuid = {BB59FCDB-1B2E-4040-9599-C6CE444355A3}
	EndGlobalSection
EndGlobal
